dependencies:
  espressif/mpu6050:
    component_hash: d69219ccb141372b863c511749ffbeab28417ac71c205d7ed7030c308e1b6832
    source:
      service_url: https://api.components.espressif.com/
      type: service
    version: 1.2.0
  idf:
    component_hash: null
    source:
      type: idf
    version: 5.2.1
manifest_hash: 3af0856c39d6a717fc046a6e654b0be8d3bfba79d03a00f8238e2970375f30db
target: esp32
version: 1.0.0
